
Microsoft Visual Studio Solution File, Format Version 12.00
# Visual Studio Version 17
VisualStudioVersion = 17.6.33712.159
MinimumVisualStudioVersion = 10.0.40219.1
Project("{9A19103F-16F7-4668-BE54-9A1E7A4F7556}") = "Policlinic EF", "Policlinic EF\Policlinic EF.csproj", "{D380AA94-6B0D-46D7-9D04-5EBB4FCEE48E}"
EndProject
Project("{FAE04EC0-301F-11D3-BF4B-00C04F79EFBC}") = "PoliclinicWpf", "PoliclinicWpf\PoliclinicWpf.csproj", "{FEA6D533-1B2E-4C73-A523-463957DC1891}"
EndProject
Global
	GlobalSection(SolutionConfigurationPlatforms) = preSolution
		Debug|Any CPU = Debug|Any CPU
		Release|Any CPU = Release|Any CPU
	EndGlobalSection
	GlobalSection(ProjectConfigurationPlatforms) = postSolution
		{D380AA94-6B0D-46D7-9D04-5EBB4FCEE48E}.Debug|Any CPU.ActiveCfg = Debug|Any CPU
		{D380AA94-6B0D-46D7-9D04-5EBB4FCEE48E}.Debug|Any CPU.Build.0 = Debug|Any CPU
		{D380AA94-6B0D-46D7-9D04-5EBB4FCEE48E}.Release|Any CPU.ActiveCfg = Release|Any CPU
		{D380AA94-6B0D-46D7-9D04-5EBB4FCEE48E}.Release|Any CPU.Build.0 = Release|Any CPU
		{FEA6D533-1B2E-4C73-A523-463957DC1891}.Debug|Any CPU.ActiveCfg = Debug|Any CPU
		{FEA6D533-1B2E-4C73-A523-463957DC1891}.Debug|Any CPU.Build.0 = Debug|Any CPU
		{FEA6D533-1B2E-4C73-A523-463957DC1891}.Release|Any CPU.ActiveCfg = Release|Any CPU
		{FEA6D533-1B2E-4C73-A523-463957DC1891}.Release|Any CPU.Build.0 = Release|Any CPU
	EndGlobalSection
	GlobalSection(SolutionProperties) = preSolution
		HideSolutionNode = FALSE
	EndGlobalSection
	GlobalSection(ExtensibilityGlobals) = postSolution
		SolutionGuid = {DD1E1701-AE86-4EB4-B268-E417E7DB2119}
	EndGlobalSection
EndGlobal
